// !$*UTF8*$!
{
	archiveVersion = 1;
	classes = {
	};
	objectVersion = 56;
	objects = {

/* Begin PBXBuildFile section */
		01A00001 /* App/TiangangLabApp.swift in Sources */ = {isa = PBXBuildFile; fileRef = 01A00011 /* App/TiangangLabApp.swift */; };
		01A00002 /* Models/TiangangModels.swift in Sources */ = {isa = PBXBuildFile; fileRef = 01A00012 /* Models/TiangangModels.swift */; };
		01A00003 /* Views/TiangangRootView.swift in Sources */ = {isa = PBXBuildFile; fileRef = 01A00013 /* Views/TiangangRootView.swift */; };
		01A00004 /* Resources/tiangang_seed.json in Resources */ = {isa = PBXBuildFile; fileRef = 01A00014 /* Resources/tiangang_seed.json */; };
		01A00005 /* Models/NPCDatabaseModels.swift in Sources */ = {isa = PBXBuildFile; fileRef = 01A00015 /* Models/NPCDatabaseModels.swift */; };
		01A00006 /* Resources/NPCDatabase in Resources */ = {isa = PBXBuildFile; fileRef = 01A00016 /* Resources/NPCDatabase */; };
		01A00007 /* Models/EnvironmentDatabaseModels.swift in Sources */ = {isa = PBXBuildFile; fileRef = 01A00017 /* Models/EnvironmentDatabaseModels.swift */; };
		01A00008 /* Resources/EnvironmentDatabase in Resources */ = {isa = PBXBuildFile; fileRef = 01A00018 /* Resources/EnvironmentDatabase */; };
		01A00101 /* Resources/Portraits/韩爌.png in Resources */ = {isa = PBXBuildFile; fileRef = 01A00111 /* Resources/Portraits/韩爌.png */; };
		01A00102 /* Resources/Portraits/毕自严.png in Resources */ = {isa = PBXBuildFile; fileRef = 01A00112 /* Resources/Portraits/毕自严.png */; };
		01A00103 /* Resources/Portraits/崔呈秀.png in Resources */ = {isa = PBXBuildFile; fileRef = 01A00113 /* Resources/Portraits/崔呈秀.png */; };
		01A00104 /* Resources/Portraits/曹化淳.png in Resources */ = {isa = PBXBuildFile; fileRef = 01A00114 /* Resources/Portraits/曹化淳.png */; };
		01A00105 /* Resources/Portraits/袁崇焕.png in Resources */ = {isa = PBXBuildFile; fileRef = 01A00115 /* Resources/Portraits/袁崇焕.png */; };
		01A00106 /* Resources/Portraits/祖大寿.png in Resources */ = {isa = PBXBuildFile; fileRef = 01A00116 /* Resources/Portraits/祖大寿.png */; };
/* End PBXBuildFile section */

/* Begin PBXFileReference section */
		01A00010 /* TiangangLab.app */ = {isa = PBXFileReference; explicitFileType = wrapper.application; includeInIndex = 0; path = TiangangLab.app; sourceTree = BUILT_PRODUCTS_DIR; };
		01A00011 /* App/TiangangLabApp.swift */ = {isa = PBXFileReference; lastKnownFileType = sourcecode.swift; path = App/TiangangLabApp.swift; sourceTree = "<group>"; };
		01A00012 /* Models/TiangangModels.swift */ = {isa = PBXFileReference; lastKnownFileType = sourcecode.swift; path = Models/TiangangModels.swift; sourceTree = "<group>"; };
		01A00013 /* Views/TiangangRootView.swift */ = {isa = PBXFileReference; lastKnownFileType = sourcecode.swift; path = Views/TiangangRootView.swift; sourceTree = "<group>"; };
		01A00014 /* Resources/tiangang_seed.json */ = {isa = PBXFileReference; lastKnownFileType = text.json; path = Resources/tiangang_seed.json; sourceTree = "<group>"; };
		01A00015 /* Models/NPCDatabaseModels.swift */ = {isa = PBXFileReference; lastKnownFileType = sourcecode.swift; path = Models/NPCDatabaseModels.swift; sourceTree = "<group>"; };
		01A00016 /* Resources/NPCDatabase */ = {isa = PBXFileReference; lastKnownFileType = folder; path = Resources/NPCDatabase; sourceTree = "<group>"; };
		01A00017 /* Models/EnvironmentDatabaseModels.swift */ = {isa = PBXFileReference; lastKnownFileType = sourcecode.swift; path = Models/EnvironmentDatabaseModels.swift; sourceTree = "<group>"; };
		01A00018 /* Resources/EnvironmentDatabase */ = {isa = PBXFileReference; lastKnownFileType = folder; path = Resources/EnvironmentDatabase; sourceTree = "<group>"; };
		01A00111 /* Resources/Portraits/韩爌.png */ = {isa = PBXFileReference; lastKnownFileType = image.png; path = "Resources/Portraits/韩爌.png"; sourceTree = "<group>"; };
		01A00112 /* Resources/Portraits/毕自严.png */ = {isa = PBXFileReference; lastKnownFileType = image.png; path = "Resources/Portraits/毕自严.png"; sourceTree = "<group>"; };
		01A00113 /* Resources/Portraits/崔呈秀.png */ = {isa = PBXFileReference; lastKnownFileType = image.png; path = "Resources/Portraits/崔呈秀.png"; sourceTree = "<group>"; };
		01A00114 /* Resources/Portraits/曹化淳.png */ = {isa = PBXFileReference; lastKnownFileType = image.png; path = "Resources/Portraits/曹化淳.png"; sourceTree = "<group>"; };
		01A00115 /* Resources/Portraits/袁崇焕.png */ = {isa = PBXFileReference; lastKnownFileType = image.png; path = "Resources/Portraits/袁崇焕.png"; sourceTree = "<group>"; };
		01A00116 /* Resources/Portraits/祖大寿.png */ = {isa = PBXFileReference; lastKnownFileType = image.png; path = "Resources/Portraits/祖大寿.png"; sourceTree = "<group>"; };
		01A00213 /* Info.plist */ = {isa = PBXFileReference; lastKnownFileType = text.plist.xml; path = Info.plist; sourceTree = "<group>"; };
/* End PBXFileReference section */

/* Begin PBXFrameworksBuildPhase section */
		01A00020 /* Frameworks */ = {
			isa = PBXFrameworksBuildPhase;
			buildActionMask = 2147483647;
			files = (
			);
			runOnlyForDeploymentPostprocessing = 0;
		};
/* End PBXFrameworksBuildPhase section */

/* Begin PBXGroup section */
		01A00030 = {
			isa = PBXGroup;
			children = (
				01A00031 /* TiangangLab */,
				01A00032 /* Products */,
			);
			sourceTree = "<group>";
		};
		01A00031 /* TiangangLab */ = {
			isa = PBXGroup;
			children = (
				01A00011 /* App/TiangangLabApp.swift */,
				01A00012 /* Models/TiangangModels.swift */,
				01A00015 /* Models/NPCDatabaseModels.swift */,
				01A00017 /* Models/EnvironmentDatabaseModels.swift */,
				01A00013 /* Views/TiangangRootView.swift */,
				01A00213 /* Info.plist */,
				01A00014 /* Resources/tiangang_seed.json */,
				01A00016 /* Resources/NPCDatabase */,
				01A00018 /* Resources/EnvironmentDatabase */,
				01A00111 /* Resources/Portraits/韩爌.png */,
				01A00112 /* Resources/Portraits/毕自严.png */,
				01A00113 /* Resources/Portraits/崔呈秀.png */,
				01A00114 /* Resources/Portraits/曹化淳.png */,
				01A00115 /* Resources/Portraits/袁崇焕.png */,
				01A00116 /* Resources/Portraits/祖大寿.png */,
			);
			path = TiangangLab;
			sourceTree = "<group>";
		};
		01A00032 /* Products */ = {
			isa = PBXGroup;
			children = (
				01A00010 /* TiangangLab.app */,
			);
			name = Products;
			sourceTree = "<group>";
		};
/* End PBXGroup section */

/* Begin PBXNativeTarget section */
		01A00040 /* TiangangLab */ = {
			isa = PBXNativeTarget;
			buildConfigurationList = 01A00070 /* Build configuration list for PBXNativeTarget "TiangangLab" */;
			buildPhases = (
				01A00050 /* Sources */,
				01A00020 /* Frameworks */,
				01A00060 /* Resources */,
			);
			buildRules = (
			);
			dependencies = (
			);
			name = TiangangLab;
			productName = TiangangLab;
			productReference = 01A00010 /* TiangangLab.app */;
			productType = "com.apple.product-type.application";
		};
/* End PBXNativeTarget section */

/* Begin PBXProject section */
		01A00080 /* Project object */ = {
			isa = PBXProject;
			attributes = {
				BuildIndependentTargetsInParallel = 1;
				LastSwiftUpdateCheck = 2650;
				LastUpgradeCheck = 2650;
				TargetAttributes = {
					01A00040 = {
						CreatedOnToolsVersion = 26.5;
					};
				};
			};
			buildConfigurationList = 01A00090 /* Build configuration list for PBXProject "TiangangLab" */;
			compatibilityVersion = "Xcode 14.0";
			developmentRegion = en;
			hasScannedForEncodings = 0;
			knownRegions = (
				en,
				Base,
				"zh-Hans",
			);
			mainGroup = 01A00030;
			productRefGroup = 01A00032 /* Products */;
			projectDirPath = "";
			projectRoot = "";
			targets = (
				01A00040 /* TiangangLab */,
			);
		};
/* End PBXProject section */

/* Begin PBXResourcesBuildPhase section */
		01A00060 /* Resources */ = {
			isa = PBXResourcesBuildPhase;
			buildActionMask = 2147483647;
			files = (
				01A00004 /* Resources/tiangang_seed.json in Resources */,
				01A00006 /* Resources/NPCDatabase in Resources */,
				01A00008 /* Resources/EnvironmentDatabase in Resources */,
				01A00101 /* Resources/Portraits/韩爌.png in Resources */,
				01A00102 /* Resources/Portraits/毕自严.png in Resources */,
				01A00103 /* Resources/Portraits/崔呈秀.png in Resources */,
				01A00104 /* Resources/Portraits/曹化淳.png in Resources */,
				01A00105 /* Resources/Portraits/袁崇焕.png in Resources */,
				01A00106 /* Resources/Portraits/祖大寿.png in Resources */,
			);
			runOnlyForDeploymentPostprocessing = 0;
		};
/* End PBXResourcesBuildPhase section */

/* Begin PBXSourcesBuildPhase section */
		01A00050 /* Sources */ = {
			isa = PBXSourcesBuildPhase;
			buildActionMask = 2147483647;
			files = (
				01A00001 /* App/TiangangLabApp.swift in Sources */,
				01A00002 /* Models/TiangangModels.swift in Sources */,
				01A00005 /* Models/NPCDatabaseModels.swift in Sources */,
				01A00007 /* Models/EnvironmentDatabaseModels.swift in Sources */,
				01A00003 /* Views/TiangangRootView.swift in Sources */,
			);
			runOnlyForDeploymentPostprocessing = 0;
		};
/* End PBXSourcesBuildPhase section */

/* Begin XCBuildConfiguration section */
		01A000A0 /* Debug */ = {
			isa = XCBuildConfiguration;
			buildSettings = {
				ALWAYS_SEARCH_USER_PATHS = NO;
				CLANG_ENABLE_MODULES = YES;
				CLANG_ENABLE_OBJC_ARC = YES;
				COPY_PHASE_STRIP = NO;
				DEBUG_INFORMATION_FORMAT = dwarf;
				ENABLE_TESTABILITY = YES;
				GCC_C_LANGUAGE_STANDARD = gnu17;
				GCC_DYNAMIC_NO_PIC = NO;
				GCC_OPTIMIZATION_LEVEL = 0;
				GCC_PREPROCESSOR_DEFINITIONS = (
					"DEBUG=1",
					"$(inherited)",
				);
				IPHONEOS_DEPLOYMENT_TARGET = 17.0;
				ONLY_ACTIVE_ARCH = YES;
				SDKROOT = iphoneos;
				SWIFT_ACTIVE_COMPILATION_CONDITIONS = DEBUG;
				SWIFT_OPTIMIZATION_LEVEL = "-Onone";
			};
			name = Debug;
		};
		01A000A1 /* Release */ = {
			isa = XCBuildConfiguration;
			buildSettings = {
				ALWAYS_SEARCH_USER_PATHS = NO;
				CLANG_ENABLE_MODULES = YES;
				CLANG_ENABLE_OBJC_ARC = YES;
				COPY_PHASE_STRIP = NO;
				DEBUG_INFORMATION_FORMAT = "dwarf-with-dsym";
				ENABLE_NS_ASSERTIONS = NO;
				GCC_C_LANGUAGE_STANDARD = gnu17;
				IPHONEOS_DEPLOYMENT_TARGET = 17.0;
				SDKROOT = iphoneos;
				SWIFT_COMPILATION_MODE = wholemodule;
				VALIDATE_PRODUCT = YES;
			};
			name = Release;
		};
		01A000B0 /* Debug */ = {
			isa = XCBuildConfiguration;
			buildSettings = {
				CODE_SIGN_STYLE = Automatic;
				CURRENT_PROJECT_VERSION = 1;
				DEVELOPMENT_TEAM = NX92ABPR9H;
				ENABLE_PREVIEWS = YES;
				GENERATE_INFOPLIST_FILE = NO;
				INFOPLIST_FILE = TiangangLab/Info.plist;
				INFOPLIST_KEY_CFBundleDisplayName = "Tiangang Lab";
				INFOPLIST_KEY_LSApplicationCategoryType = "public.app-category.strategy-games";
				INFOPLIST_KEY_UIApplicationSceneManifest_Generation = YES;
				INFOPLIST_KEY_UIApplicationSupportsIndirectInputEvents = YES;
				INFOPLIST_KEY_UILaunchScreen_Generation = YES;
				INFOPLIST_KEY_UISupportedInterfaceOrientations = UIInterfaceOrientationPortrait;
				IPHONEOS_DEPLOYMENT_TARGET = 17.0;
				LD_RUNPATH_SEARCH_PATHS = (
					"$(inherited)",
					"@executable_path/Frameworks",
				);
				MARKETING_VERSION = 0.1.0;
				PRODUCT_BUNDLE_IDENTIFIER = com.ming.tianganglab;
				PRODUCT_NAME = "$(TARGET_NAME)";
				SUPPORTED_PLATFORMS = "iphoneos iphonesimulator";
				SUPPORTS_MACCATALYST = NO;
				SUPPORTS_MAC_DESIGNED_FOR_IPHONE_IPAD = NO;
				SWIFT_VERSION = 5.0;
				TARGETED_DEVICE_FAMILY = 1;
			};
			name = Debug;
		};
		01A000B1 /* Release */ = {
			isa = XCBuildConfiguration;
			buildSettings = {
				CODE_SIGN_STYLE = Automatic;
				CURRENT_PROJECT_VERSION = 1;
				DEVELOPMENT_TEAM = NX92ABPR9H;
				ENABLE_PREVIEWS = YES;
				GENERATE_INFOPLIST_FILE = NO;
				INFOPLIST_FILE = TiangangLab/Info.plist;
				INFOPLIST_KEY_CFBundleDisplayName = "Tiangang Lab";
				INFOPLIST_KEY_LSApplicationCategoryType = "public.app-category.strategy-games";
				INFOPLIST_KEY_UIApplicationSceneManifest_Generation = YES;
				INFOPLIST_KEY_UIApplicationSupportsIndirectInputEvents = YES;
				INFOPLIST_KEY_UILaunchScreen_Generation = YES;
				INFOPLIST_KEY_UISupportedInterfaceOrientations = UIInterfaceOrientationPortrait;
				IPHONEOS_DEPLOYMENT_TARGET = 17.0;
				LD_RUNPATH_SEARCH_PATHS = (
					"$(inherited)",
					"@executable_path/Frameworks",
				);
				MARKETING_VERSION = 0.1.0;
				PRODUCT_BUNDLE_IDENTIFIER = com.ming.tianganglab;
				PRODUCT_NAME = "$(TARGET_NAME)";
				SUPPORTED_PLATFORMS = "iphoneos iphonesimulator";
				SUPPORTS_MACCATALYST = NO;
				SUPPORTS_MAC_DESIGNED_FOR_IPHONE_IPAD = NO;
				SWIFT_VERSION = 5.0;
				TARGETED_DEVICE_FAMILY = 1;
			};
			name = Release;
		};
/* End XCBuildConfiguration section */

/* Begin XCConfigurationList section */
		01A00070 /* Build configuration list for PBXNativeTarget "TiangangLab" */ = {
			isa = XCConfigurationList;
			buildConfigurations = (
				01A000B0 /* Debug */,
				01A000B1 /* Release */,
			);
			defaultConfigurationIsVisible = 0;
			defaultConfigurationName = Release;
		};
		01A00090 /* Build configuration list for PBXProject "TiangangLab" */ = {
			isa = XCConfigurationList;
			buildConfigurations = (
				01A000A0 /* Debug */,
				01A000A1 /* Release */,
			);
			defaultConfigurationIsVisible = 0;
			defaultConfigurationName = Release;
		};
/* End XCConfigurationList section */
	};
	rootObject = 01A00080 /* Project object */;
}
